
Microsoft Visual Studio Solution File, Format Version 12.00
# Visual Studio Version 16
VisualStudioVersion = 16.0.30907.101
MinimumVisualStudioVersion = 10.0.40219.1
Project("{FAE04EC0-301F-11D3-BF4B-00C04F79EFBC}") = "FatorialRecursivo", "FatorialRecursivo\FatorialRecursivo.csproj", "{5A6BBF7B-64B0-4847-A58A-0B2D50843FA9}"
EndProject
Global
	GlobalSection(SolutionConfigurationPlatforms) = preSolution
		Debug|Any CPU = Debug|Any CPU
		Release|Any CPU = Release|Any CPU
	EndGlobalSection
	GlobalSection(ProjectConfigurationPlatforms) = postSolution
		{5A6BBF7B-64B0-4847-A58A-0B2D50843FA9}.Debug|Any CPU.ActiveCfg = Debug|Any CPU
		{5A6BBF7B-64B0-4847-A58A-0B2D50843FA9}.Debug|Any CPU.Build.0 = Debug|Any CPU
		{5A6BBF7B-64B0-4847-A58A-0B2D50843FA9}.Release|Any CPU.ActiveCfg = Release|Any CPU
		{5A6BBF7B-64B0-4847-A58A-0B2D50843FA9}.Release|Any CPU.Build.0 = Release|Any CPU
	EndGlobalSection
	GlobalSection(SolutionProperties) = preSolution
		HideSolutionNode = FALSE
	EndGlobalSection
	GlobalSection(ExtensibilityGlobals) = postSolution
		SolutionGuid = {FD655F61-7A6F-4288-ADB3-043D08623E45}
	EndGlobalSection
EndGlobal
